
Microsoft Visual Studio Solution File, Format Version 12.00
# Visual Studio Version 17
VisualStudioVersion = 17.11.35303.130
MinimumVisualStudioVersion = 10.0.40219.1
Project("{FAE04EC0-301F-11D3-BF4B-00C04F79EFBC}") = "mathsharp", "mathsharp.csproj", "{FDA0F095-E06C-4826-9FE8-30D1BE6BC045}"
EndProject
Global
	GlobalSection(SolutionConfigurationPlatforms) = preSolution
		Debug|Any CPU = Debug|Any CPU
		Release|Any CPU = Release|Any CPU
	EndGlobalSection
	GlobalSection(ProjectConfigurationPlatforms) = postSolution
		{FDA0F095-E06C-4826-9FE8-30D1BE6BC045}.Debug|Any CPU.ActiveCfg = Debug|Any CPU
		{FDA0F095-E06C-4826-9FE8-30D1BE6BC045}.Debug|Any CPU.Build.0 = Debug|Any CPU
		{FDA0F095-E06C-4826-9FE8-30D1BE6BC045}.Release|Any CPU.ActiveCfg = Release|Any CPU
		{FDA0F095-E06C-4826-9FE8-30D1BE6BC045}.Release|Any CPU.Build.0 = Release|Any CPU
	EndGlobalSection
	GlobalSection(SolutionProperties) = preSolution
		HideSolutionNode = FALSE
	EndGlobalSection
	GlobalSection(ExtensibilityGlobals) = postSolution
		SolutionGuid = {34E91DC9-48D8-4951-9303-15A5C72BEE23}
	EndGlobalSection
EndGlobal
